// !$*UTF8*$!
{
	archiveVersion = 1;
	classes = {
	};
	objectVersion = 46;
	objects = {

/* Begin PBXBuildFile section */
		1B98D7E21C440AC200B6AA88 /* AppDelegate.swift in Sources */ = {isa = PBXBuildFile; fileRef = 1B98D7E11C440AC200B6AA88 /* AppDelegate.swift */; };
		1B98D7E41C440AC200B6AA88 /* BPLoginViewController.swift in Sources */ = {isa = PBXBuildFile; fileRef = 1B98D7E31C440AC200B6AA88 /* BPLoginViewController.swift */; };
		1B98D7E71C440AC200B6AA88 /* Main.storyboard in Resources */ = {isa = PBXBuildFile; fileRef = 1B98D7E51C440AC200B6AA88 /* Main.storyboard */; };
		1B98D7E91C440AC200B6AA88 /* Assets.xcassets in Resources */ = {isa = PBXBuildFile; fileRef = 1B98D7E81C440AC200B6AA88 /* Assets.xcassets */; };
		1B98D7EC1C440AC200B6AA88 /* LaunchScreen.storyboard in Resources */ = {isa = PBXBuildFile; fileRef = 1B98D7EA1C440AC200B6AA88 /* LaunchScreen.storyboard */; };
		1B98D7F71C440AC300B6AA88 /* ios_binners_projectTests.swift in Sources */ = {isa = PBXBuildFile; fileRef = 1B98D7F61C440AC300B6AA88 /* ios_binners_projectTests.swift */; };
		1B98D8021C440AC300B6AA88 /* ios_binners_projectUITests.swift in Sources */ = {isa = PBXBuildFile; fileRef = 1B98D8011C440AC300B6AA88 /* ios_binners_projectUITests.swift */; };
		1D2BB7CAC62939300928D905 /* Pods_ios_binners_project.framework in Frameworks */ = {isa = PBXBuildFile; fileRef = E13A063B91FD50F83E03785F /* Pods_ios_binners_project.framework */; };
		2C022F911C877F49003E497F /* KSMHand.m in Sources */ = {isa = PBXBuildFile; fileRef = 2C022F8E1C877F49003E497F /* KSMHand.m */; };
		2C022F921C877F49003E497F /* BEMAnalogClockView.m in Sources */ = {isa = PBXBuildFile; fileRef = 2C022F8F1C877F49003E497F /* BEMAnalogClockView.m */; };
		2C0BC2D61CE3793900663F9E /* BPObjectWrapper.swift in Sources */ = {isa = PBXBuildFile; fileRef = 2C0BC2D51CE3793900663F9E /* BPObjectWrapper.swift */; };
		2C1C4D051C5C1D370045821F /* BPLoginManager.swift in Sources */ = {isa = PBXBuildFile; fileRef = 2C1C4D041C5C1D370045821F /* BPLoginManager.swift */; };
		2C1C4D071C5C1F530045821F /* BPURLBuilder.swift in Sources */ = {isa = PBXBuildFile; fileRef = 2C1C4D061C5C1F530045821F /* BPURLBuilder.swift */; };
		2C1C4D0F1C5FDA280045821F /* GoogleService-Info.plist in Resources */ = {isa = PBXBuildFile; fileRef = 2C1C4D0E1C5FDA280045821F /* GoogleService-Info.plist */; };
		2C1C4D101C5FDA280045821F /* GoogleService-Info.plist in Resources */ = {isa = PBXBuildFile; fileRef = 2C1C4D0E1C5FDA280045821F /* GoogleService-Info.plist */; };
		2C1C4D111C5FDA280045821F /* GoogleService-Info.plist in Resources */ = {isa = PBXBuildFile; fileRef = 2C1C4D0E1C5FDA280045821F /* GoogleService-Info.plist */; };
		2C29FBFA1C610D1700C70837 /* BPPageContainerLoginDescriptionViewController.swift in Sources */ = {isa = PBXBuildFile; fileRef = 2C29FBF91C610D1700C70837 /* BPPageContainerLoginDescriptionViewController.swift */; };
		2C29FBFD1C62663F00C70837 /* UIColor+Extension.swift in Sources */ = {isa = PBXBuildFile; fileRef = 2C29FBFC1C62663F00C70837 /* UIColor+Extension.swift */; };
		2C29FC031C626D5800C70837 /* Oxygen-Bold.ttf in Resources */ = {isa = PBXBuildFile; fileRef = 2C29FBFF1C626D5800C70837 /* Oxygen-Bold.ttf */; };
		2C29FC041C626D5800C70837 /* Oxygen-Bold.ttf in Resources */ = {isa = PBXBuildFile; fileRef = 2C29FBFF1C626D5800C70837 /* Oxygen-Bold.ttf */; };
		2C29FC051C626D5800C70837 /* Oxygen-Bold.ttf in Resources */ = {isa = PBXBuildFile; fileRef = 2C29FBFF1C626D5800C70837 /* Oxygen-Bold.ttf */; };
		2C29FC061C626D5800C70837 /* Oxygen-BoldItalic.ttf in Resources */ = {isa = PBXBuildFile; fileRef = 2C29FC001C626D5800C70837 /* Oxygen-BoldItalic.ttf */; };
		2C29FC071C626D5800C70837 /* Oxygen-BoldItalic.ttf in Resources */ = {isa = PBXBuildFile; fileRef = 2C29FC001C626D5800C70837 /* Oxygen-BoldItalic.ttf */; };
		2C29FC081C626D5800C70837 /* Oxygen-BoldItalic.ttf in Resources */ = {isa = PBXBuildFile; fileRef = 2C29FC001C626D5800C70837 /* Oxygen-BoldItalic.ttf */; };
		2C29FC091C626D5800C70837 /* Oxygen-Italic.ttf in Resources */ = {isa = PBXBuildFile; fileRef = 2C29FC011C626D5800C70837 /* Oxygen-Italic.ttf */; };
		2C29FC0A1C626D5800C70837 /* Oxygen-Italic.ttf in Resources */ = {isa = PBXBuildFile; fileRef = 2C29FC011C626D5800C70837 /* Oxygen-Italic.ttf */; };
		2C29FC0B1C626D5800C70837 /* Oxygen-Italic.ttf in Resources */ = {isa = PBXBuildFile; fileRef = 2C29FC011C626D5800C70837 /* Oxygen-Italic.ttf */; };
		2C29FC0C1C626D5800C70837 /* Oxygen.ttf in Resources */ = {isa = PBXBuildFile; fileRef = 2C29FC021C626D5800C70837 /* Oxygen.ttf */; };
		2C29FC0D1C626D5800C70837 /* Oxygen.ttf in Resources */ = {isa = PBXBuildFile; fileRef = 2C29FC021C626D5800C70837 /* Oxygen.ttf */; };
		2C29FC0E1C626D5800C70837 /* Oxygen.ttf in Resources */ = {isa = PBXBuildFile; fileRef = 2C29FC021C626D5800C70837 /* Oxygen.ttf */; };
		2C29FC101C62720900C70837 /* UIFont+Extension.swift in Sources */ = {isa = PBXBuildFile; fileRef = 2C29FC0F1C62720900C70837 /* UIFont+Extension.swift */; };
		2C29FC111C62720900C70837 /* UIFont+Extension.swift in Sources */ = {isa = PBXBuildFile; fileRef = 2C29FC0F1C62720900C70837 /* UIFont+Extension.swift */; };
		2C29FC121C62720900C70837 /* UIFont+Extension.swift in Sources */ = {isa = PBXBuildFile; fileRef = 2C29FC0F1C62720900C70837 /* UIFont+Extension.swift */; };
		2C2A441F1DB069D300EDB0FC /* BPActionBar.swift in Sources */ = {isa = PBXBuildFile; fileRef = 2C2A441E1DB069D300EDB0FC /* BPActionBar.swift */; };
		2C2A44261DB406D300EDB0FC /* BPNavigationController.swift in Sources */ = {isa = PBXBuildFile; fileRef = 2C2A44251DB406D300EDB0FC /* BPNavigationController.swift */; };
		2C2A442E1DB42F8200EDB0FC /* PresentationStyle.swift in Sources */ = {isa = PBXBuildFile; fileRef = 2C2A442D1DB42F8200EDB0FC /* PresentationStyle.swift */; };
		2C35ADD51C5BD39E007DA4B6 /* BPServerRequestManager.swift in Sources */ = {isa = PBXBuildFile; fileRef = 2C35ADD41C5BD39E007DA4B6 /* BPServerRequestManager.swift */; };
		2C35ADD71C5BD50E007DA4B6 /* BPServerSettings.swift in Sources */ = {isa = PBXBuildFile; fileRef = 2C35ADD61C5BD50E007DA4B6 /* BPServerSettings.swift */; };
		2C35ADD91C5BD8B7007DA4B6 /* BPErrorManager.swift in Sources */ = {isa = PBXBuildFile; fileRef = 2C35ADD81C5BD8B7007DA4B6 /* BPErrorManager.swift */; };
		2C38B6AF1D0F211F00EB37DE /* BPRating.swift in Sources */ = {isa = PBXBuildFile; fileRef = 2C38B6AE1D0F211F00EB37DE /* BPRating.swift */; };
		2C38B6B11D108D4400EB37DE /* BPEncoder.swift in Sources */ = {isa = PBXBuildFile; fileRef = 2C38B6B01D108D4400EB37DE /* BPEncoder.swift */; };
		2C4FB04D1D6CC09000B01E8D /* BPExpandedPickupCollectionViewCell.swift in Sources */ = {isa = PBXBuildFile; fileRef = 2C4FB04B1D6CC09000B01E8D /* BPExpandedPickupCollectionViewCell.swift */; };
		2C4FB04E1D6CC09000B01E8D /* BPExpandedPickupCollectionViewCell.xib in Resources */ = {isa = PBXBuildFile; fileRef = 2C4FB04C1D6CC09000B01E8D /* BPExpandedPickupCollectionViewCell.xib */; };
		2C565B661DAF03020079DDD8 /* BPPickupStatus.swift in Sources */ = {isa = PBXBuildFile; fileRef = 2C565B651DAF03020079DDD8 /* BPPickupStatus.swift */; };
		2C5CCB4B1C49524500E734CE /* BPMainTabBarController.swift in Sources */ = {isa = PBXBuildFile; fileRef = 2C5CCB4A1C49524500E734CE /* BPMainTabBarController.swift */; };
		2C64AA0D1D302FB800A29C1E /* BPLoginViewModel.swift in Sources */ = {isa = PBXBuildFile; fileRef = 2C64AA0C1D302FB800A29C1E /* BPLoginViewModel.swift */; };
		2C6CA07C1D359C8F0030B7EA /* BPBlurView.swift in Sources */ = {isa = PBXBuildFile; fileRef = 2C6CA07B1D359C8F0030B7EA /* BPBlurView.swift */; };
		2C6CA07F1D36D59B0030B7EA /* BPHistoryViewControllerCollectionViewController.swift in Sources */ = {isa = PBXBuildFile; fileRef = 2C6CA07E1D36D59B0030B7EA /* BPHistoryViewControllerCollectionViewController.swift */; };
		2C6CA0871D36DC040030B7EA /* BPPickupCollectionViewCell.xib in Resources */ = {isa = PBXBuildFile; fileRef = 2C6CA0851D36DC040030B7EA /* BPPickupCollectionViewCell.xib */; };
		2C6CA08A1D3844460030B7EA /* BPSignInViewController.swift in Sources */ = {isa = PBXBuildFile; fileRef = 2C6CA0891D3844460030B7EA /* BPSignInViewController.swift */; };
		2C6CA08D1D384F810030B7EA /* BPSignInViewModel.swift in Sources */ = {isa = PBXBuildFile; fileRef = 2C6CA08C1D384F810030B7EA /* BPSignInViewModel.swift */; };
		2C73BFDE1C971E33001FBFD4 /* BPPickup.swift in Sources */ = {isa = PBXBuildFile; fileRef = 2C73BFDD1C971E33001FBFD4 /* BPPickup.swift */; };
		2C73BFE01C971F77001FBFD4 /* BPAddress.swift in Sources */ = {isa = PBXBuildFile; fileRef = 2C73BFDF1C971F77001FBFD4 /* BPAddress.swift */; };
		2C73BFE21C97204B001FBFD4 /* BPReedemable.swift in Sources */ = {isa = PBXBuildFile; fileRef = 2C73BFE11C97204B001FBFD4 /* BPReedemable.swift */; };
		2C73BFE41C975B64001FBFD4 /* NSDate+Extension.swift in Sources */ = {isa = PBXBuildFile; fileRef = 2C73BFE31C975B64001FBFD4 /* NSDate+Extension.swift */; };
		2C73BFE61C98827F001FBFD4 /* BPMessageFactory.swift in Sources */ = {isa = PBXBuildFile; fileRef = 2C73BFE51C98827F001FBFD4 /* BPMessageFactory.swift */; };
		2C73BFE81C98994B001FBFD4 /* BPQuantityViewController.swift in Sources */ = {isa = PBXBuildFile; fileRef = 2C73BFE71C98994B001FBFD4 /* BPQuantityViewController.swift */; };
		2C83FDC81D3EF8D700DB1F86 /* BPPickupsViewModel.swift in Sources */ = {isa = PBXBuildFile; fileRef = 2C83FDC71D3EF8D700DB1F86 /* BPPickupsViewModel.swift */; };
		2C8A4A711C88C56E00D8E0DB /* BPMapViewController.swift in Sources */ = {isa = PBXBuildFile; fileRef = 2C8A4A701C88C56E00D8E0DB /* BPMapViewController.swift */; };
		2C921EEF1CA06DFA00B2FA46 /* BPDateTableViewCell.swift in Sources */ = {isa = PBXBuildFile; fileRef = 2C921EED1CA06DFA00B2FA46 /* BPDateTableViewCell.swift */; };
		2C921EF01CA06DFA00B2FA46 /* BPDateTableViewCell.xib in Resources */ = {isa = PBXBuildFile; fileRef = 2C921EEE1CA06DFA00B2FA46 /* BPDateTableViewCell.xib */; };
		2C921EF41CA07AD700B2FA46 /* BPQuantityTableViewCell.swift in Sources */ = {isa = PBXBuildFile; fileRef = 2C921EF21CA07AD700B2FA46 /* BPQuantityTableViewCell.swift */; };
		2C921EF51CA07AD700B2FA46 /* BPQuantityTableViewCell.xib in Resources */ = {isa = PBXBuildFile; fileRef = 2C921EF31CA07AD700B2FA46 /* BPQuantityTableViewCell.xib */; };
		2C921EF81CA0888B00B2FA46 /* BPIntructionsTableViewCell.swift in Sources */ = {isa = PBXBuildFile; fileRef = 2C921EF61CA0888B00B2FA46 /* BPIntructionsTableViewCell.swift */; };
		2C921EF91CA0888B00B2FA46 /* BPIntructionsTableViewCell.xib in Resources */ = {isa = PBXBuildFile; fileRef = 2C921EF71CA0888B00B2FA46 /* BPIntructionsTableViewCell.xib */; };
		2CAA460E1DBBCA2A002B13B0 /* BPUserDefaults.swift in Sources */ = {isa = PBXBuildFile; fileRef = 2CAA460D1DBBCA2A002B13B0 /* BPUserDefaults.swift */; };
		2CAC35961D7A104100D1F2BF /* BPRatePickupViewController.swift in Sources */ = {isa = PBXBuildFile; fileRef = 2CAC35951D7A104100D1F2BF /* BPRatePickupViewController.swift */; };
		2CBA2D2E1C8DFB050048C850 /* BPRecentAddressTableViewCell.swift in Sources */ = {isa = PBXBuildFile; fileRef = 2CBA2D2C1C8DFB050048C850 /* BPRecentAddressTableViewCell.swift */; };
		2CBA2D2F1C8DFB050048C850 /* BPRecentAddressTableViewCell.xib in Resources */ = {isa = PBXBuildFile; fileRef = 2CBA2D2D1C8DFB050048C850 /* BPRecentAddressTableViewCell.xib */; };
		2CBB5BED1C99E8E300D58BFF /* BPReviewPickupViewController.swift in Sources */ = {isa = PBXBuildFile; fileRef = 2CBB5BEC1C99E8E300D58BFF /* BPReviewPickupViewController.swift */; };
		2CBB5BF11C99F02C00D58BFF /* BPMapTableViewCell.swift in Sources */ = {isa = PBXBuildFile; fileRef = 2CBB5BEF1C99F02C00D58BFF /* BPMapTableViewCell.swift */; };
		2CBB5BF21C99F02C00D58BFF /* BPMapTableViewCell.xib in Resources */ = {isa = PBXBuildFile; fileRef = 2CBB5BF01C99F02C00D58BFF /* BPMapTableViewCell.xib */; };
		2CBDC96E1C7777FA00EC0F99 /* BPUser.swift in Sources */ = {isa = PBXBuildFile; fileRef = 2CBDC96D1C7777FA00EC0F99 /* BPUser.swift */; };
		2CC3B2F61C52863200890FD4 /* libFBSDKLoginKit.a in Frameworks */ = {isa = PBXBuildFile; fileRef = 2CC3B2F51C52863200890FD4 /* libFBSDKLoginKit.a */; };
		2CC3B2F81C52869100890FD4 /* libFBSDKCoreKit.a in Frameworks */ = {isa = PBXBuildFile; fileRef = 2CC3B2F71C52869100890FD4 /* libFBSDKCoreKit.a */; };
		2CD25EFD1C62915D00ACDEA5 /* BPPageTwoContentDescriptionLoginViewController.swift in Sources */ = {isa = PBXBuildFile; fileRef = 2CD25EFC1C62915D00ACDEA5 /* BPPageTwoContentDescriptionLoginViewController.swift */; };
		2CD25EFF1C63CFB600ACDEA5 /* BPPageThreeContentDescriptionLoginViewController.swift in Sources */ = {isa = PBXBuildFile; fileRef = 2CD25EFE1C63CFB600ACDEA5 /* BPPageThreeContentDescriptionLoginViewController.swift */; };
		2CD25F011C63E5AB00ACDEA5 /* BPPageFourContentDescriptionLoginViewController.swift in Sources */ = {isa = PBXBuildFile; fileRef = 2CD25F001C63E5AB00ACDEA5 /* BPPageFourContentDescriptionLoginViewController.swift */; };
		2CDB35771C920505005945B7 /* BPMapTasks.swift in Sources */ = {isa = PBXBuildFile; fileRef = 2CDB35761C920505005945B7 /* BPMapTasks.swift */; };
		2CDB357F1C9371D7005945B7 /* MRDayOfTheMonthButton.swift in Sources */ = {isa = PBXBuildFile; fileRef = 2CDB357B1C9371D7005945B7 /* MRDayOfTheMonthButton.swift */; };
		2CDB35801C9371D7005945B7 /* MRMonthCalendarDelegate.swift in Sources */ = {isa = PBXBuildFile; fileRef = 2CDB357C1C9371D7005945B7 /* MRMonthCalendarDelegate.swift */; };
		2CDB35821C9371D7005945B7 /* MRMonthView.swift in Sources */ = {isa = PBXBuildFile; fileRef = 2CDB357E1C9371D7005945B7 /* MRMonthView.swift */; };
		2CDB35841C937203005945B7 /* BPCalendarViewController.swift in Sources */ = {isa = PBXBuildFile; fileRef = 2CDB35831C937203005945B7 /* BPCalendarViewController.swift */; };
		2CDDE5B41CDBB8CC00B8A533 /* BPOnGoingPickupsCollectionViewController.swift in Sources */ = {isa = PBXBuildFile; fileRef = 2CDDE5B31CDBB8CC00B8A533 /* BPOnGoingPickupsCollectionViewController.swift */; };
		2CDDE5B81CDBBA2800B8A533 /* BPOnGoingPickupCollectionViewCell.swift in Sources */ = {isa = PBXBuildFile; fileRef = 2CDDE5B71CDBBA2800B8A533 /* BPOnGoingPickupCollectionViewCell.swift */; };
		2CF0F5BF1CA1F44F005055C2 /* BPAdditionalNotesController.swift in Sources */ = {isa = PBXBuildFile; fileRef = 2CF0F5BE1CA1F44F005055C2 /* BPAdditionalNotesController.swift */; };
		2CF0F5C61CA9CE81005055C2 /* BPParser.swift in Sources */ = {isa = PBXBuildFile; fileRef = 2CF0F5C51CA9CE81005055C2 /* BPParser.swift */; };
		2CF92CFE1C8615FD00DDB676 /* BPClockViewController.swift in Sources */ = {isa = PBXBuildFile; fileRef = 2CF92CFD1C8615FD00DDB676 /* BPClockViewController.swift */; };
		2CFBF6C01CBC0C2300524F62 /* UIImage+Extension.swift in Sources */ = {isa = PBXBuildFile; fileRef = 2CFBF6BF1CBC0C2300524F62 /* UIImage+Extension.swift */; };
		8C3CBFCE1C602D0D00691C67 /* TwitterKitResources.bundle in Resources */ = {isa = PBXBuildFile; fileRef = 8C3CBFCD1C602D0D00691C67 /* TwitterKitResources.bundle */; };
/* End PBXBuildFile section */

/* Begin PBXContainerItemProxy section */
		1B98D7F31C440AC300B6AA88 /* PBXContainerItemProxy */ = {
			isa = PBXContainerItemProxy;
			containerPortal = 1B98D7D61C440AC200B6AA88 /* Project object */;
			proxyType = 1;
			remoteGlobalIDString = 1B98D7DD1C440AC200B6AA88;
			remoteInfo = "ios-binners-project";
		};
		1B98D7FE1C440AC300B6AA88 /* PBXContainerItemProxy */ = {
			isa = PBXContainerItemProxy;
			containerPortal = 1B98D7D61C440AC200B6AA88 /* Project object */;
			proxyType = 1;
			remoteGlobalIDString = 1B98D7DD1C440AC200B6AA88;
			remoteInfo = "ios-binners-project";
		};
/* End PBXContainerItemProxy section */

/* Begin PBXFileReference section */
		18919B0009DEF6F8B625DD73 /* Pods-ios-binners-project.debug.xcconfig */ = {isa = PBXFileReference; includeInIndex = 1; lastKnownFileType = text.xcconfig; name = "Pods-ios-binners-project.debug.xcconfig"; path = "Pods/Target Support Files/Pods-ios-binners-project/Pods-ios-binners-project.debug.xcconfig"; sourceTree = "<group>"; };
		1B98D7DE1C440AC200B6AA88 /* ios-binners-project.app */ = {isa = PBXFileReference; explicitFileType = wrapper.application; includeInIndex = 0; path = "ios-binners-project.app"; sourceTree = BUILT_PRODUCTS_DIR; };
		1B98D7E11C440AC200B6AA88 /* AppDelegate.swift */ = {isa = PBXFileReference; lastKnownFileType = sourcecode.swift; path = AppDelegate.swift; sourceTree = "<group>"; };
		1B98D7E31C440AC200B6AA88 /* BPLoginViewController.swift */ = {isa = PBXFileReference; lastKnownFileType = sourcecode.swift; path = BPLoginViewController.swift; sourceTree = "<group>"; };
		1B98D7E61C440AC200B6AA88 /* Base */ = {isa = PBXFileReference; lastKnownFileType = file.storyboard; name = Base; path = Base.lproj/Main.storyboard; sourceTree = "<group>"; };
		1B98D7E81C440AC200B6AA88 /* Assets.xcassets */ = {isa = PBXFileReference; lastKnownFileType = folder.assetcatalog; path = Assets.xcassets; sourceTree = "<group>"; };
		1B98D7EB1C440AC200B6AA88 /* Base */ = {isa = PBXFileReference; lastKnownFileType = file.storyboard; name = Base; path = Base.lproj/LaunchScreen.storyboard; sourceTree = "<group>"; };
		1B98D7ED1C440AC200B6AA88 /* Info.plist */ = {isa = PBXFileReference; lastKnownFileType = text.plist.xml; path = Info.plist; sourceTree = "<group>"; };
		1B98D7F21C440AC300B6AA88 /* ios-binners-projectTests.xctest */ = {isa = PBXFileReference; explicitFileType = wrapper.cfbundle; includeInIndex = 0; path = "ios-binners-projectTests.xctest"; sourceTree = BUILT_PRODUCTS_DIR; };
		1B98D7F61C440AC300B6AA88 /* ios_binners_projectTests.swift */ = {isa = PBXFileReference; lastKnownFileType = sourcecode.swift; path = ios_binners_projectTests.swift; sourceTree = "<group>"; };
		1B98D7F81C440AC300B6AA88 /* Info.plist */ = {isa = PBXFileReference; lastKnownFileType = text.plist.xml; path = Info.plist; sourceTree = "<group>"; };
		1B98D7FD1C440AC300B6AA88 /* ios-binners-projectUITests.xctest */ = {isa = PBXFileReference; explicitFileType = wrapper.cfbundle; includeInIndex = 0; path = "ios-binners-projectUITests.xctest"; sourceTree = BUILT_PRODUCTS_DIR; };
		1B98D8011C440AC300B6AA88 /* ios_binners_projectUITests.swift */ = {isa = PBXFileReference; lastKnownFileType = sourcecode.swift; path = ios_binners_projectUITests.swift; sourceTree = "<group>"; };
		1B98D8031C440AC300B6AA88 /* Info.plist */ = {isa = PBXFileReference; lastKnownFileType = text.plist.xml; path = Info.plist; sourceTree = "<group>"; };
		1B98D8111C4433FB00B6AA88 /* Bridging-Header.h */ = {isa = PBXFileReference; fileEncoding = 4; lastKnownFileType = sourcecode.c.h; path = "Bridging-Header.h"; sourceTree = "<group>"; };
		2C0031971DC43DAE00A5C517 /* ios-binners-project.entitlements */ = {isa = PBXFileReference; lastKnownFileType = text.plist.entitlements; path = "ios-binners-project.entitlements"; sourceTree = "<group>"; };
		2C022F8D1C877F49003E497F /* KSMHand.h */ = {isa = PBXFileReference; fileEncoding = 4; lastKnownFileType = sourcecode.c.h; path = KSMHand.h; sourceTree = "<group>"; };
		2C022F8E1C877F49003E497F /* KSMHand.m */ = {isa = PBXFileReference; fileEncoding = 4; lastKnownFileType = sourcecode.c.objc; path = KSMHand.m; sourceTree = "<group>"; };
		2C022F8F1C877F49003E497F /* BEMAnalogClockView.m */ = {isa = PBXFileReference; fileEncoding = 4; lastKnownFileType = sourcecode.c.objc; path = BEMAnalogClockView.m; sourceTree = "<group>"; };
		2C022F901C877F49003E497F /* BEMAnalogClockView.h */ = {isa = PBXFileReference; fileEncoding = 4; lastKnownFileType = sourcecode.c.h; path = BEMAnalogClockView.h; sourceTree = "<group>"; };
		2C0BC2D51CE3793900663F9E /* BPObjectWrapper.swift */ = {isa = PBXFileReference; fileEncoding = 4; lastKnownFileType = sourcecode.swift; path = BPObjectWrapper.swift; sourceTree = "<group>"; };
		2C1C4D041C5C1D370045821F /* BPLoginManager.swift */ = {isa = PBXFileReference; fileEncoding = 4; lastKnownFileType = sourcecode.swift; path = BPLoginManager.swift; sourceTree = "<group>"; };
		2C1C4D061C5C1F530045821F /* BPURLBuilder.swift */ = {isa = PBXFileReference; fileEncoding = 4; lastKnownFileType = sourcecode.swift; path = BPURLBuilder.swift; sourceTree = "<group>"; };
		2C1C4D0E1C5FDA280045821F /* GoogleService-Info.plist */ = {isa = PBXFileReference; fileEncoding = 4; lastKnownFileType = text.plist.xml; path = "GoogleService-Info.plist"; sourceTree = "<group>"; };
		2C29FBF91C610D1700C70837 /* BPPageContainerLoginDescriptionViewController.swift */ = {isa = PBXFileReference; fileEncoding = 4; lastKnownFileType = sourcecode.swift; path = BPPageContainerLoginDescriptionViewController.swift; sourceTree = "<group>"; };
		2C29FBFC1C62663F00C70837 /* UIColor+Extension.swift */ = {isa = PBXFileReference; fileEncoding = 4; lastKnownFileType = sourcecode.swift; path = "UIColor+Extension.swift"; sourceTree = "<group>"; };
		2C29FBFF1C626D5800C70837 /* Oxygen-Bold.ttf */ = {isa = PBXFileReference; lastKnownFileType = file; path = "Oxygen-Bold.ttf"; sourceTree = "<group>"; };
		2C29FC001C626D5800C70837 /* Oxygen-BoldItalic.ttf */ = {isa = PBXFileReference; lastKnownFileType = file; path = "Oxygen-BoldItalic.ttf"; sourceTree = "<group>"; };
		2C29FC011C626D5800C70837 /* Oxygen-Italic.ttf */ = {isa = PBXFileReference; lastKnownFileType = file; path = "Oxygen-Italic.ttf"; sourceTree = "<group>"; };
		2C29FC021C626D5800C70837 /* Oxygen.ttf */ = {isa = PBXFileReference; lastKnownFileType = file; path = Oxygen.ttf; sourceTree = "<group>"; };
		2C29FC0F1C62720900C70837 /* UIFont+Extension.swift */ = {isa = PBXFileReference; fileEncoding = 4; lastKnownFileType = sourcecode.swift; path = "UIFont+Extension.swift"; sourceTree = "<group>"; };
		2C2A441E1DB069D300EDB0FC /* BPActionBar.swift */ = {isa = PBXFileReference; fileEncoding = 4; lastKnownFileType = sourcecode.swift; path = BPActionBar.swift; sourceTree = "<group>"; };
		2C2A44251DB406D300EDB0FC /* BPNavigationController.swift */ = {isa = PBXFileReference; fileEncoding = 4; lastKnownFileType = sourcecode.swift; path = BPNavigationController.swift; sourceTree = "<group>"; };
		2C2A442D1DB42F8200EDB0FC /* PresentationStyle.swift */ = {isa = PBXFileReference; fileEncoding = 4; lastKnownFileType = sourcecode.swift; path = PresentationStyle.swift; sourceTree = "<group>"; };
		2C35ADD41C5BD39E007DA4B6 /* BPServerRequestManager.swift */ = {isa = PBXFileReference; fileEncoding = 4; lastKnownFileType = sourcecode.swift; path = BPServerRequestManager.swift; sourceTree = "<group>"; };
		2C35ADD61C5BD50E007DA4B6 /* BPServerSettings.swift */ = {isa = PBXFileReference; fileEncoding = 4; lastKnownFileType = sourcecode.swift; path = BPServerSettings.swift; sourceTree = "<group>"; };
		2C35ADD81C5BD8B7007DA4B6 /* BPErrorManager.swift */ = {isa = PBXFileReference; fileEncoding = 4; lastKnownFileType = sourcecode.swift; path = BPErrorManager.swift; sourceTree = "<group>"; };
		2C38B6AE1D0F211F00EB37DE /* BPRating.swift */ = {isa = PBXFileReference; fileEncoding = 4; lastKnownFileType = sourcecode.swift; path = BPRating.swift; sourceTree = "<group>"; };
		2C38B6B01D108D4400EB37DE /* BPEncoder.swift */ = {isa = PBXFileReference; fileEncoding = 4; lastKnownFileType = sourcecode.swift; path = BPEncoder.swift; sourceTree = "<group>"; };
		2C4FB04B1D6CC09000B01E8D /* BPExpandedPickupCollectionViewCell.swift */ = {isa = PBXFileReference; fileEncoding = 4; lastKnownFileType = sourcecode.swift; path = BPExpandedPickupCollectionViewCell.swift; sourceTree = "<group>"; };
		2C4FB04C1D6CC09000B01E8D /* BPExpandedPickupCollectionViewCell.xib */ = {isa = PBXFileReference; fileEncoding = 4; lastKnownFileType = file.xib; path = BPExpandedPickupCollectionViewCell.xib; sourceTree = "<group>"; };
		2C565B651DAF03020079DDD8 /* BPPickupStatus.swift */ = {isa = PBXFileReference; fileEncoding = 4; lastKnownFileType = sourcecode.swift; path = BPPickupStatus.swift; sourceTree = "<group>"; };
		2C5CCB4A1C49524500E734CE /* BPMainTabBarController.swift */ = {isa = PBXFileReference; fileEncoding = 4; lastKnownFileType = sourcecode.swift; path = BPMainTabBarController.swift; sourceTree = "<group>"; };
		2C64AA0C1D302FB800A29C1E /* BPLoginViewModel.swift */ = {isa = PBXFileReference; fileEncoding = 4; lastKnownFileType = sourcecode.swift; path = BPLoginViewModel.swift; sourceTree = "<group>"; };
		2C6CA07B1D359C8F0030B7EA /* BPBlurView.swift */ = {isa = PBXFileReference; fileEncoding = 4; lastKnownFileType = sourcecode.swift; path = BPBlurView.swift; sourceTree = "<group>"; };
		2C6CA07E1D36D59B0030B7EA /* BPHistoryViewControllerCollectionViewController.swift */ = {isa = PBXFileReference; fileEncoding = 4; lastKnownFileType = sourcecode.swift; path = BPHistoryViewControllerCollectionViewController.swift; sourceTree = "<group>"; };
		2C6CA0851D36DC040030B7EA /* BPPickupCollectionViewCell.xib */ = {isa = PBXFileReference; fileEncoding = 4; lastKnownFileType = file.xib; path = BPPickupCollectionViewCell.xib; sourceTree = "<group>"; };
		2C6CA0891D3844460030B7EA /* BPSignInViewController.swift */ = {isa = PBXFileReference; fileEncoding = 4; lastKnownFileType = sourcecode.swift; path = BPSignInViewController.swift; sourceTree = "<group>"; };
		2C6CA08C1D384F810030B7EA /* BPSignInViewModel.swift */ = {isa = PBXFileReference; fileEncoding = 4; lastKnownFileType = sourcecode.swift; path = BPSignInViewModel.swift; sourceTree = "<group>"; };
		2C73BFDD1C971E33001FBFD4 /* BPPickup.swift */ = {isa = PBXFileReference; fileEncoding = 4; lastKnownFileType = sourcecode.swift; path = BPPickup.swift; sourceTree = "<group>"; };
		2C73BFDF1C971F77001FBFD4 /* BPAddress.swift */ = {isa = PBXFileReference; fileEncoding = 4; lastKnownFileType = sourcecode.swift; path = BPAddress.swift; sourceTree = "<group>"; };
		2C73BFE11C97204B001FBFD4 /* BPReedemable.swift */ = {isa = PBXFileReference; fileEncoding = 4; lastKnownFileType = sourcecode.swift; path = BPReedemable.swift; sourceTree = "<group>"; };
		2C73BFE31C975B64001FBFD4 /* NSDate+Extension.swift */ = {isa = PBXFileReference; fileEncoding = 4; lastKnownFileType = sourcecode.swift; path = "NSDate+Extension.swift"; sourceTree = "<group>"; };
		2C73BFE51C98827F001FBFD4 /* BPMessageFactory.swift */ = {isa = PBXFileReference; fileEncoding = 4; lastKnownFileType = sourcecode.swift; path = BPMessageFactory.swift; sourceTree = "<group>"; };
		2C73BFE71C98994B001FBFD4 /* BPQuantityViewController.swift */ = {isa = PBXFileReference; fileEncoding = 4; lastKnownFileType = sourcecode.swift; path = BPQuantityViewController.swift; sourceTree = "<group>"; };
		2C83FDC71D3EF8D700DB1F86 /* BPPickupsViewModel.swift */ = {isa = PBXFileReference; fileEncoding = 4; lastKnownFileType = sourcecode.swift; path = BPPickupsViewModel.swift; sourceTree = "<group>"; };
		2C8A4A701C88C56E00D8E0DB /* BPMapViewController.swift */ = {isa = PBXFileReference; fileEncoding = 4; lastKnownFileType = sourcecode.swift; path = BPMapViewController.swift; sourceTree = "<group>"; };
		2C921EED1CA06DFA00B2FA46 /* BPDateTableViewCell.swift */ = {isa = PBXFileReference; fileEncoding = 4; lastKnownFileType = sourcecode.swift; path = BPDateTableViewCell.swift; sourceTree = "<group>"; };
		2C921EEE1CA06DFA00B2FA46 /* BPDateTableViewCell.xib */ = {isa = PBXFileReference; fileEncoding = 4; lastKnownFileType = file.xib; path = BPDateTableViewCell.xib; sourceTree = "<group>"; };
		2C921EF21CA07AD700B2FA46 /* BPQuantityTableViewCell.swift */ = {isa = PBXFileReference; fileEncoding = 4; lastKnownFileType = sourcecode.swift; path = BPQuantityTableViewCell.swift; sourceTree = "<group>"; };
		2C921EF31CA07AD700B2FA46 /* BPQuantityTableViewCell.xib */ = {isa = PBXFileReference; fileEncoding = 4; lastKnownFileType = file.xib; path = BPQuantityTableViewCell.xib; sourceTree = "<group>"; };
		2C921EF61CA0888B00B2FA46 /* BPIntructionsTableViewCell.swift */ = {isa = PBXFileReference; fileEncoding = 4; lastKnownFileType = sourcecode.swift; path = BPIntructionsTableViewCell.swift; sourceTree = "<group>"; };
		2C921EF71CA0888B00B2FA46 /* BPIntructionsTableViewCell.xib */ = {isa = PBXFileReference; fileEncoding = 4; lastKnownFileType = file.xib; path = BPIntructionsTableViewCell.xib; sourceTree = "<group>"; };
		2CAA460D1DBBCA2A002B13B0 /* BPUserDefaults.swift */ = {isa = PBXFileReference; fileEncoding = 4; lastKnownFileType = sourcecode.swift; path = BPUserDefaults.swift; sourceTree = "<group>"; };
		2CAC35951D7A104100D1F2BF /* BPRatePickupViewController.swift */ = {isa = PBXFileReference; fileEncoding = 4; lastKnownFileType = sourcecode.swift; path = BPRatePickupViewController.swift; sourceTree = "<group>"; };
		2CBA2D2C1C8DFB050048C850 /* BPRecentAddressTableViewCell.swift */ = {isa = PBXFileReference; fileEncoding = 4; lastKnownFileType = sourcecode.swift; path = BPRecentAddressTableViewCell.swift; sourceTree = "<group>"; };
		2CBA2D2D1C8DFB050048C850 /* BPRecentAddressTableViewCell.xib */ = {isa = PBXFileReference; fileEncoding = 4; lastKnownFileType = file.xib; path = BPRecentAddressTableViewCell.xib; sourceTree = "<group>"; };
		2CBB5BEC1C99E8E300D58BFF /* BPReviewPickupViewController.swift */ = {isa = PBXFileReference; fileEncoding = 4; lastKnownFileType = sourcecode.swift; path = BPReviewPickupViewController.swift; sourceTree = "<group>"; };
		2CBB5BEF1C99F02C00D58BFF /* BPMapTableViewCell.swift */ = {isa = PBXFileReference; fileEncoding = 4; lastKnownFileType = sourcecode.swift; path = BPMapTableViewCell.swift; sourceTree = "<group>"; };
		2CBB5BF01C99F02C00D58BFF /* BPMapTableViewCell.xib */ = {isa = PBXFileReference; fileEncoding = 4; lastKnownFileType = file.xib; path = BPMapTableViewCell.xib; sourceTree = "<group>"; };
		2CBDC96D1C7777FA00EC0F99 /* BPUser.swift */ = {isa = PBXFileReference; fileEncoding = 4; lastKnownFileType = sourcecode.swift; path = BPUser.swift; sourceTree = "<group>"; };
		2CC3B2F51C52863200890FD4 /* libFBSDKLoginKit.a */ = {isa = PBXFileReference; lastKnownFileType = archive.ar; name = libFBSDKLoginKit.a; path = "Pods/../build/Debug-iphoneos/libFBSDKLoginKit.a"; sourceTree = "<group>"; };
		2CC3B2F71C52869100890FD4 /* libFBSDKCoreKit.a */ = {isa = PBXFileReference; lastKnownFileType = archive.ar; name = libFBSDKCoreKit.a; path = "Pods/../build/Debug-iphoneos/libFBSDKCoreKit.a"; sourceTree = "<group>"; };
		2CD25EFC1C62915D00ACDEA5 /* BPPageTwoContentDescriptionLoginViewController.swift */ = {isa = PBXFileReference; fileEncoding = 4; lastKnownFileType = sourcecode.swift; path = BPPageTwoContentDescriptionLoginViewController.swift; sourceTree = "<group>"; };
		2CD25EFE1C63CFB600ACDEA5 /* BPPageThreeContentDescriptionLoginViewController.swift */ = {isa = PBXFileReference; fileEncoding = 4; lastKnownFileType = sourcecode.swift; path = BPPageThreeContentDescriptionLoginViewController.swift; sourceTree = "<group>"; };
		2CD25F001C63E5AB00ACDEA5 /* BPPageFourContentDescriptionLoginViewController.swift */ = {isa = PBXFileReference; fileEncoding = 4; lastKnownFileType = sourcecode.swift; path = BPPageFourContentDescriptionLoginViewController.swift; sourceTree = "<group>"; };
		2CDB35761C920505005945B7 /* BPMapTasks.swift */ = {isa = PBXFileReference; fileEncoding = 4; lastKnownFileType = sourcecode.swift; path = BPMapTasks.swift; sourceTree = "<group>"; };
		2CDB357B1C9371D7005945B7 /* MRDayOfTheMonthButton.swift */ = {isa = PBXFileReference; fileEncoding = 4; lastKnownFileType = sourcecode.swift; path = MRDayOfTheMonthButton.swift; sourceTree = "<group>"; };
		2CDB357C1C9371D7005945B7 /* MRMonthCalendarDelegate.swift */ = {isa = PBXFileReference; fileEncoding = 4; lastKnownFileType = sourcecode.swift; path = MRMonthCalendarDelegate.swift; sourceTree = "<group>"; };
		2CDB357E1C9371D7005945B7 /* MRMonthView.swift */ = {isa = PBXFileReference; fileEncoding = 4; lastKnownFileType = sourcecode.swift; path = MRMonthView.swift; sourceTree = "<group>"; };
		2CDB35831C937203005945B7 /* BPCalendarViewController.swift */ = {isa = PBXFileReference; fileEncoding = 4; lastKnownFileType = sourcecode.swift; path = BPCalendarViewController.swift; sourceTree = "<group>"; };
		2CDDE5B31CDBB8CC00B8A533 /* BPOnGoingPickupsCollectionViewController.swift */ = {isa = PBXFileReference; fileEncoding = 4; lastKnownFileType = sourcecode.swift; path = BPOnGoingPickupsCollectionViewController.swift; sourceTree = "<group>"; };
		2CDDE5B71CDBBA2800B8A533 /* BPOnGoingPickupCollectionViewCell.swift */ = {isa = PBXFileReference; fileEncoding = 4; lastKnownFileType = sourcecode.swift; path = BPOnGoingPickupCollectionViewCell.swift; sourceTree = "<group>"; };
		2CF0F5BE1CA1F44F005055C2 /* BPAdditionalNotesController.swift */ = {isa = PBXFileReference; fileEncoding = 4; lastKnownFileType = sourcecode.swift; path = BPAdditionalNotesController.swift; sourceTree = "<group>"; };
		2CF0F5C51CA9CE81005055C2 /* BPParser.swift */ = {isa = PBXFileReference; fileEncoding = 4; lastKnownFileType = sourcecode.swift; path = BPParser.swift; sourceTree = "<group>"; };
		2CF92CFD1C8615FD00DDB676 /* BPClockViewController.swift */ = {isa = PBXFileReference; fileEncoding = 4; lastKnownFileType = sourcecode.swift; path = BPClockViewController.swift; sourceTree = "<group>"; };
		2CFBF6BF1CBC0C2300524F62 /* UIImage+Extension.swift */ = {isa = PBXFileReference; fileEncoding = 4; lastKnownFileType = sourcecode.swift; path = "UIImage+Extension.swift"; sourceTree = "<group>"; };
		8C3CBFCD1C602D0D00691C67 /* TwitterKitResources.bundle */ = {isa = PBXFileReference; lastKnownFileType = "wrapper.plug-in"; name = TwitterKitResources.bundle; path = Pods/TwitterKit/TwitterKit.framework/Versions/A/Resources/TwitterKitResources.bundle; sourceTree = "<group>"; };
		E13A063B91FD50F83E03785F /* Pods_ios_binners_project.framework */ = {isa = PBXFileReference; explicitFileType = wrapper.framework; includeInIndex = 0; path = Pods_ios_binners_project.framework; sourceTree = BUILT_PRODUCTS_DIR; };
		E2FEAFF8576C3B37F8B9E646 /* Pods-ios-binners-project.release.xcconfig */ = {isa = PBXFileReference; includeInIndex = 1; lastKnownFileType = text.xcconfig; name = "Pods-ios-binners-project.release.xcconfig"; path = "Pods/Target Support Files/Pods-ios-binners-project/Pods-ios-binners-project.release.xcconfig"; sourceTree = "<group>"; };
/* End PBXFileReference section */

/* Begin PBXFrameworksBuildPhase section */
		1B98D7DB1C440AC200B6AA88 /* Frameworks */ = {
			isa = PBXFrameworksBuildPhase;
			buildActionMask = 2147483647;
			files = (
				2CC3B2F81C52869100890FD4 /* libFBSDKCoreKit.a in Frameworks */,
				2CC3B2F61C52863200890FD4 /* libFBSDKLoginKit.a in Frameworks */,
				1D2BB7CAC62939300928D905 /* Pods_ios_binners_project.framework in Frameworks */,
			);
			runOnlyForDeploymentPostprocessing = 0;
		};
		1B98D7EF1C440AC300B6AA88 /* Frameworks */ = {
			isa = PBXFrameworksBuildPhase;
			buildActionMask = 2147483647;
			files = (
			);
			runOnlyForDeploymentPostprocessing = 0;
		};
		1B98D7FA1C440AC300B6AA88 /* Frameworks */ = {
			isa = PBXFrameworksBuildPhase;
			buildActionMask = 2147483647;
			files = (
			);
			runOnlyForDeploymentPostprocessing = 0;
		};
/* End PBXFrameworksBuildPhase section */

/* Begin PBXGroup section */
		1B98D7D51C440AC200B6AA88 = {
			isa = PBXGroup;
			children = (
				1B98D7E01C440AC200B6AA88 /* ios-binners-project */,
				1B98D7F51C440AC300B6AA88 /* ios-binners-projectTests */,
				1B98D8001C440AC300B6AA88 /* ios-binners-projectUITests */,
				1B98D7DF1C440AC200B6AA88 /* Products */,
				2C17DCFADAE9076371EA13A0 /* Pods */,
				E10C670EFDB7D29BE8FE622E /* Frameworks */,
			);
			sourceTree = "<group>";
		};
		1B98D7DF1C440AC200B6AA88 /* Products */ = {
			isa = PBXGroup;
			children = (
				1B98D7DE1C440AC200B6AA88 /* ios-binners-project.app */,
				1B98D7F21C440AC300B6AA88 /* ios-binners-projectTests.xctest */,
				1B98D7FD1C440AC300B6AA88 /* ios-binners-projectUITests.xctest */,
			);
			name = Products;
			sourceTree = "<group>";
		};
		1B98D7E01C440AC200B6AA88 /* ios-binners-project */ = {
			isa = PBXGroup;
			children = (
				2C0031971DC43DAE00A5C517 /* ios-binners-project.entitlements */,
				2C2A442C1DB42F7300EDB0FC /* Enum */,
				2C2A44211DB3F4E800EDB0FC /* Extensions */,
				2C2A44201DB3F2C900EDB0FC /* Protocols */,
				2C4FB0481D6CBE2800B01E8D /* Cells */,
				2C4FB0471D6CBE2200B01E8D /* ViewModel */,
				2CBDC96C1C7777BA00EC0F99 /* Models */,
				2C29FBFB1C611A5B00C70837 /* Util */,
				2C2A44271DB4076D00EDB0FC /* View */,
				2C5CCB451C494B5700E734CE /* ViewControllers */,
				2C35ADD31C5BCF7B007DA4B6 /* Supporting Files */,
			);
			path = "ios-binners-project";
			sourceTree = "<group>";
		};
		1B98D7F51C440AC300B6AA88 /* ios-binners-projectTests */ = {
			isa = PBXGroup;
			children = (
				1B98D7F61C440AC300B6AA88 /* ios_binners_projectTests.swift */,
				1B98D7F81C440AC300B6AA88 /* Info.plist */,
			);
			path = "ios-binners-projectTests";
			sourceTree = "<group>";
		};
		1B98D8001C440AC300B6AA88 /* ios-binners-projectUITests */ = {
			isa = PBXGroup;
			children = (
				1B98D8011C440AC300B6AA88 /* ios_binners_projectUITests.swift */,
				1B98D8031C440AC300B6AA88 /* Info.plist */,
			);
			path = "ios-binners-projectUITests";
			sourceTree = "<group>";
		};
		2C022F931C87810E003E497F /* ClockView */ = {
			isa = PBXGroup;
			children = (
				2C022F8D1C877F49003E497F /* KSMHand.h */,
				2C022F8E1C877F49003E497F /* KSMHand.m */,
				2C022F8F1C877F49003E497F /* BEMAnalogClockView.m */,
				2C022F901C877F49003E497F /* BEMAnalogClockView.h */,
			);
			name = ClockView;
			sourceTree = "<group>";
		};
		2C17DCFADAE9076371EA13A0 /* Pods */ = {
			isa = PBXGroup;
			children = (
				18919B0009DEF6F8B625DD73 /* Pods-ios-binners-project.debug.xcconfig */,
				E2FEAFF8576C3B37F8B9E646 /* Pods-ios-binners-project.release.xcconfig */,
			);
			name = Pods;
			sourceTree = "<group>";
		};
		2C29FBFB1C611A5B00C70837 /* Util */ = {
			isa = PBXGroup;
			children = (
				2C73BFE51C98827F001FBFD4 /* BPMessageFactory.swift */,
				2C38B6B01D108D4400EB37DE /* BPEncoder.swift */,
			);
			name = Util;
			sourceTree = "<group>";
		};
		2C29FBFE1C626D4500C70837 /* Fonts */ = {
			isa = PBXGroup;
			children = (
				2C29FBFF1C626D5800C70837 /* Oxygen-Bold.ttf */,
				2C29FC001C626D5800C70837 /* Oxygen-BoldItalic.ttf */,
				2C29FC011C626D5800C70837 /* Oxygen-Italic.ttf */,
				2C29FC021C626D5800C70837 /* Oxygen.ttf */,
			);
			name = Fonts;
			sourceTree = "<group>";
		};
		2C2A44201DB3F2C900EDB0FC /* Protocols */ = {
			isa = PBXGroup;
			children = (
				2C2A441E1DB069D300EDB0FC /* BPActionBar.swift */,
			);
			name = Protocols;
			sourceTree = "<group>";
		};
		2C2A44211DB3F4E800EDB0FC /* Extensions */ = {
			isa = PBXGroup;
			children = (
				2C29FBFC1C62663F00C70837 /* UIColor+Extension.swift */,
				2C29FC0F1C62720900C70837 /* UIFont+Extension.swift */,
				2C73BFE31C975B64001FBFD4 /* NSDate+Extension.swift */,
				2CFBF6BF1CBC0C2300524F62 /* UIImage+Extension.swift */,
			);
			name = Extensions;
			sourceTree = "<group>";
		};
		2C2A44241DB406B700EDB0FC /* Navigation */ = {
			isa = PBXGroup;
			children = (
				2C2A44251DB406D300EDB0FC /* BPNavigationController.swift */,
			);
			name = Navigation;
			sourceTree = "<group>";
		};
		2C2A44271DB4076D00EDB0FC /* View */ = {
			isa = PBXGroup;
			children = (
			);
			name = View;
			sourceTree = "<group>";
		};
		2C2A442C1DB42F7300EDB0FC /* Enum */ = {
			isa = PBXGroup;
			children = (
				2C2A442D1DB42F8200EDB0FC /* PresentationStyle.swift */,
			);
			name = Enum;
			sourceTree = "<group>";
		};
		2C35ADD21C5BCF64007DA4B6 /* ServerCommunicationLayer */ = {
			isa = PBXGroup;
			children = (
				2C0BC2D51CE3793900663F9E /* BPObjectWrapper.swift */,
				2C35ADD41C5BD39E007DA4B6 /* BPServerRequestManager.swift */,
				2C35ADD61C5BD50E007DA4B6 /* BPServerSettings.swift */,
				2C35ADD81C5BD8B7007DA4B6 /* BPErrorManager.swift */,
				2C1C4D041C5C1D370045821F /* BPLoginManager.swift */,
				2C1C4D061C5C1F530045821F /* BPURLBuilder.swift */,
				2CF0F5C51CA9CE81005055C2 /* BPParser.swift */,
			);
			name = ServerCommunicationLayer;
			sourceTree = "<group>";
		};
		2C35ADD31C5BCF7B007DA4B6 /* Supporting Files */ = {
			isa = PBXGroup;
			children = (
				2C29FBFE1C626D4500C70837 /* Fonts */,
				1B98D7E11C440AC200B6AA88 /* AppDelegate.swift */,
				1B98D7E51C440AC200B6AA88 /* Main.storyboard */,
				1B98D7E81C440AC200B6AA88 /* Assets.xcassets */,
				1B98D7EA1C440AC200B6AA88 /* LaunchScreen.storyboard */,
				1B98D7ED1C440AC200B6AA88 /* Info.plist */,
				2C1C4D0E1C5FDA280045821F /* GoogleService-Info.plist */,
				1B98D8111C4433FB00B6AA88 /* Bridging-Header.h */,
			);
			name = "Supporting Files";
			sourceTree = "<group>";
		};
		2C4FB0471D6CBE2200B01E8D /* ViewModel */ = {
			isa = PBXGroup;
			children = (
				2C6CA08B1D384F680030B7EA /* SignIn */,
				2C83FDC61D3EF8B000DB1F86 /* OnGoingPickups */,
				2CC68E421D2D4233000C5F6E /* Login */,
			);
			name = ViewModel;
			sourceTree = "<group>";
		};
		2C4FB0481D6CBE2800B01E8D /* Cells */ = {
			isa = PBXGroup;
			children = (
				2CDDE5B51CDBB9D200B8A533 /* OnGoingPickupsCells */,
				2CBA2D2B1C8DFAC50048C850 /* SearchBarCells */,
				2CBB5BEE1C99EFFD00D58BFF /* TableViewReviewCells */,
			);
			name = Cells;
			sourceTree = "<group>";
		};
		2C4FB0491D6CC05C00B01E8D /* NotExpanded */ = {
			isa = PBXGroup;
			children = (
				2CDDE5B71CDBBA2800B8A533 /* BPOnGoingPickupCollectionViewCell.swift */,
				2C6CA0851D36DC040030B7EA /* BPPickupCollectionViewCell.xib */,
			);
			name = NotExpanded;
			sourceTree = "<group>";
		};
		2C4FB04A1D6CC06900B01E8D /* Expanded */ = {
			isa = PBXGroup;
			children = (
				2C4FB04B1D6CC09000B01E8D /* BPExpandedPickupCollectionViewCell.swift */,
				2C4FB04C1D6CC09000B01E8D /* BPExpandedPickupCollectionViewCell.xib */,
			);
			name = Expanded;
			sourceTree = "<group>";
		};
		2C565B641DAF02EE0079DDD8 /* Pickup */ = {
			isa = PBXGroup;
			children = (
				2C73BFE11C97204B001FBFD4 /* BPReedemable.swift */,
				2C38B6AE1D0F211F00EB37DE /* BPRating.swift */,
				2C73BFDD1C971E33001FBFD4 /* BPPickup.swift */,
				2C565B651DAF03020079DDD8 /* BPPickupStatus.swift */,
			);
			name = Pickup;
			sourceTree = "<group>";
		};
		2C5CCB451C494B5700E734CE /* ViewControllers */ = {
			isa = PBXGroup;
			children = (
				2C2A44241DB406B700EDB0FC /* Navigation */,
				2CAC35941D7A102600D1F2BF /* Rate */,
				2C6CA0881D38441F0030B7EA /* SignIn */,
				2CDDE5B21CDBB7E400B8A533 /* Login */,
				2C6CA07D1D36D56E0030B7EA /* History */,
				2CDDE5B11CDBB7D100B8A533 /* OnGoingPickups */,
				2CF92CFC1C86157B00DDB676 /* Pickup */,
				2CBDC96F1C77BBFC00EC0F99 /* IntroductionToApp */,
				2C5CCB4A1C49524500E734CE /* BPMainTabBarController.swift */,
			);
			name = ViewControllers;
			sourceTree = "<group>";
		};
		2C6CA07D1D36D56E0030B7EA /* History */ = {
			isa = PBXGroup;
			children = (
				2C6CA07E1D36D59B0030B7EA /* BPHistoryViewControllerCollectionViewController.swift */,
			);
			name = History;
			sourceTree = "<group>";
		};
		2C6CA0881D38441F0030B7EA /* SignIn */ = {
			isa = PBXGroup;
			children = (
				2C6CA0891D3844460030B7EA /* BPSignInViewController.swift */,
			);
			name = SignIn;
			sourceTree = "<group>";
		};
		2C6CA08B1D384F680030B7EA /* SignIn */ = {
			isa = PBXGroup;
			children = (
				2C6CA08C1D384F810030B7EA /* BPSignInViewModel.swift */,
			);
			name = SignIn;
			sourceTree = "<group>";
		};
		2C83FDC61D3EF8B000DB1F86 /* OnGoingPickups */ = {
			isa = PBXGroup;
			children = (
				2C83FDC71D3EF8D700DB1F86 /* BPPickupsViewModel.swift */,
			);
			name = OnGoingPickups;
			sourceTree = "<group>";
		};
		2C900BE61DBD2132001D6F44 /* Location */ = {
			isa = PBXGroup;
			children = (
				2CDB35761C920505005945B7 /* BPMapTasks.swift */,
			);
			name = Location;
			sourceTree = "<group>";
		};
		2CAA460C1DBBCA19002B13B0 /* UserDefaults */ = {
			isa = PBXGroup;
			children = (
				2CAA460D1DBBCA2A002B13B0 /* BPUserDefaults.swift */,
			);
			name = UserDefaults;
			sourceTree = "<group>";
		};
		2CAC35941D7A102600D1F2BF /* Rate */ = {
			isa = PBXGroup;
			children = (
				2CAC35951D7A104100D1F2BF /* BPRatePickupViewController.swift */,
			);
			name = Rate;
			sourceTree = "<group>";
		};
		2CBA2D2B1C8DFAC50048C850 /* SearchBarCells */ = {
			isa = PBXGroup;
			children = (
				2CBA2D2C1C8DFB050048C850 /* BPRecentAddressTableViewCell.swift */,
				2CBA2D2D1C8DFB050048C850 /* BPRecentAddressTableViewCell.xib */,
			);
			name = SearchBarCells;
			sourceTree = "<group>";
		};
		2CBB5BEE1C99EFFD00D58BFF /* TableViewReviewCells */ = {
			isa = PBXGroup;
			children = (
				2CBB5BEF1C99F02C00D58BFF /* BPMapTableViewCell.swift */,
				2CBB5BF01C99F02C00D58BFF /* BPMapTableViewCell.xib */,
				2C921EED1CA06DFA00B2FA46 /* BPDateTableViewCell.swift */,
				2C921EEE1CA06DFA00B2FA46 /* BPDateTableViewCell.xib */,
				2C921EF21CA07AD700B2FA46 /* BPQuantityTableViewCell.swift */,
				2C921EF31CA07AD700B2FA46 /* BPQuantityTableViewCell.xib */,
				2C921EF61CA0888B00B2FA46 /* BPIntructionsTableViewCell.swift */,
				2C921EF71CA0888B00B2FA46 /* BPIntructionsTableViewCell.xib */,
			);
			name = TableViewReviewCells;
			sourceTree = "<group>";
		};
		2CBDC96C1C7777BA00EC0F99 /* Models */ = {
			isa = PBXGroup;
			children = (
				2C900BE61DBD2132001D6F44 /* Location */,
				2CAA460C1DBBCA19002B13B0 /* UserDefaults */,
				2C565B641DAF02EE0079DDD8 /* Pickup */,
				2CBDC96D1C7777FA00EC0F99 /* BPUser.swift */,
				2C73BFDF1C971F77001FBFD4 /* BPAddress.swift */,
				2C35ADD21C5BCF64007DA4B6 /* ServerCommunicationLayer */,
			);
			name = Models;
			sourceTree = "<group>";
		};
		2CBDC96F1C77BBFC00EC0F99 /* IntroductionToApp */ = {
			isa = PBXGroup;
			children = (
				2C29FBF91C610D1700C70837 /* BPPageContainerLoginDescriptionViewController.swift */,
				2CD25EFC1C62915D00ACDEA5 /* BPPageTwoContentDescriptionLoginViewController.swift */,
				2CD25EFE1C63CFB600ACDEA5 /* BPPageThreeContentDescriptionLoginViewController.swift */,
				2CD25F001C63E5AB00ACDEA5 /* BPPageFourContentDescriptionLoginViewController.swift */,
			);
			name = IntroductionToApp;
			sourceTree = "<group>";
		};
		2CC68E421D2D4233000C5F6E /* Login */ = {
			isa = PBXGroup;
			children = (
				2C64AA0C1D302FB800A29C1E /* BPLoginViewModel.swift */,
			);
			name = Login;
			sourceTree = "<group>";
		};
		2CDB357A1C937128005945B7 /* Calendar */ = {
			isa = PBXGroup;
			children = (
				2CDB357B1C9371D7005945B7 /* MRDayOfTheMonthButton.swift */,
				2CDB357C1C9371D7005945B7 /* MRMonthCalendarDelegate.swift */,
				2CDB357E1C9371D7005945B7 /* MRMonthView.swift */,
			);
			name = Calendar;
			sourceTree = "<group>";
		};
		2CDDE5B11CDBB7D100B8A533 /* OnGoingPickups */ = {
			isa = PBXGroup;
			children = (
				2CDDE5B31CDBB8CC00B8A533 /* BPOnGoingPickupsCollectionViewController.swift */,
			);
			name = OnGoingPickups;
			sourceTree = "<group>";
		};
		2CDDE5B21CDBB7E400B8A533 /* Login */ = {
			isa = PBXGroup;
			children = (
				1B98D7E31C440AC200B6AA88 /* BPLoginViewController.swift */,
				2C6CA07B1D359C8F0030B7EA /* BPBlurView.swift */,
			);
			name = Login;
			sourceTree = "<group>";
		};
		2CDDE5B51CDBB9D200B8A533 /* OnGoingPickupsCells */ = {
			isa = PBXGroup;
			children = (
				2C4FB04A1D6CC06900B01E8D /* Expanded */,
				2C4FB0491D6CC05C00B01E8D /* NotExpanded */,
			);
			name = OnGoingPickupsCells;
			sourceTree = "<group>";
		};
		2CF92CFC1C86157B00DDB676 /* Pickup */ = {
			isa = PBXGroup;
			children = (
				2CDB357A1C937128005945B7 /* Calendar */,
				2C022F931C87810E003E497F /* ClockView */,
				2CF92CFD1C8615FD00DDB676 /* BPClockViewController.swift */,
				2C8A4A701C88C56E00D8E0DB /* BPMapViewController.swift */,
				2CDB35831C937203005945B7 /* BPCalendarViewController.swift */,
				2CF0F5BE1CA1F44F005055C2 /* BPAdditionalNotesController.swift */,
				2C73BFE71C98994B001FBFD4 /* BPQuantityViewController.swift */,
				2CBB5BEC1C99E8E300D58BFF /* BPReviewPickupViewController.swift */,
			);
			name = Pickup;
			sourceTree = "<group>";
		};
		E10C670EFDB7D29BE8FE622E /* Frameworks */ = {
			isa = PBXGroup;
			children = (
				8C3CBFCD1C602D0D00691C67 /* TwitterKitResources.bundle */,
				2CC3B2F71C52869100890FD4 /* libFBSDKCoreKit.a */,
				2CC3B2F51C52863200890FD4 /* libFBSDKLoginKit.a */,
				E13A063B91FD50F83E03785F /* Pods_ios_binners_project.framework */,
			);
			name = Frameworks;
			sourceTree = "<group>";
		};
/* End PBXGroup section */

/* Begin PBXNativeTarget section */
		1B98D7DD1C440AC200B6AA88 /* ios-binners-project */ = {
			isa = PBXNativeTarget;
			buildConfigurationList = 1B98D8061C440AC300B6AA88 /* Build configuration list for PBXNativeTarget "ios-binners-project" */;
			buildPhases = (
				E5F21E19D5E18815DEA240F0 /* Check Pods Manifest.lock */,
				1B98D7DA1C440AC200B6AA88 /* Sources */,
				1B98D7DB1C440AC200B6AA88 /* Frameworks */,
				1B98D7DC1C440AC200B6AA88 /* Resources */,
				5CB520D8A68F5846167AC75D /* Embed Pods Frameworks */,
				F40C97D3C6D0F5A8CCBD6093 /* Copy Pods Resources */,
				8C3CBFCC1C602C8500691C67 /* ShellScript */,
			);
			buildRules = (
			);
			dependencies = (
			);
			name = "ios-binners-project";
			productName = "ios-binners-project";
			productReference = 1B98D7DE1C440AC200B6AA88 /* ios-binners-project.app */;
			productType = "com.apple.product-type.application";
		};
		1B98D7F11C440AC300B6AA88 /* ios-binners-projectTests */ = {
			isa = PBXNativeTarget;
			buildConfigurationList = 1B98D8091C440AC300B6AA88 /* Build configuration list for PBXNativeTarget "ios-binners-projectTests" */;
			buildPhases = (
				1B98D7EE1C440AC300B6AA88 /* Sources */,
				1B98D7EF1C440AC300B6AA88 /* Frameworks */,
				1B98D7F01C440AC300B6AA88 /* Resources */,
			);
			buildRules = (
			);
			dependencies = (
				1B98D7F41C440AC300B6AA88 /* PBXTargetDependency */,
			);
			name = "ios-binners-projectTests";
			productName = "ios-binners-projectTests";
			productReference = 1B98D7F21C440AC300B6AA88 /* ios-binners-projectTests.xctest */;
			productType = "com.apple.product-type.bundle.unit-test";
		};
		1B98D7FC1C440AC300B6AA88 /* ios-binners-projectUITests */ = {
			isa = PBXNativeTarget;
			buildConfigurationList = 1B98D80C1C440AC300B6AA88 /* Build configuration list for PBXNativeTarget "ios-binners-projectUITests" */;
			buildPhases = (
				1B98D7F91C440AC300B6AA88 /* Sources */,
				1B98D7FA1C440AC300B6AA88 /* Frameworks */,
				1B98D7FB1C440AC300B6AA88 /* Resources */,
			);
			buildRules = (
			);
			dependencies = (
				1B98D7FF1C440AC300B6AA88 /* PBXTargetDependency */,
			);
			name = "ios-binners-projectUITests";
			productName = "ios-binners-projectUITests";
			productReference = 1B98D7FD1C440AC300B6AA88 /* ios-binners-projectUITests.xctest */;
			productType = "com.apple.product-type.bundle.ui-testing";
		};
/* End PBXNativeTarget section */

/* Begin PBXProject section */
		1B98D7D61C440AC200B6AA88 /* Project object */ = {
			isa = PBXProject;
			attributes = {
				LastSwiftUpdateCheck = 0720;
				LastUpgradeCheck = 0800;
				ORGANIZATIONNAME = "Rodrigo de Souza Reis";
				TargetAttributes = {
					1B98D7DD1C440AC200B6AA88 = {
						CreatedOnToolsVersion = 7.2;
						DevelopmentTeam = P9BMV4WXD2;
						LastSwiftMigration = 0800;
						SystemCapabilities = {
							com.apple.Keychain = {
								enabled = 1;
							};
						};
					};
					1B98D7F11C440AC300B6AA88 = {
						CreatedOnToolsVersion = 7.2;
						LastSwiftMigration = 0800;
						TestTargetID = 1B98D7DD1C440AC200B6AA88;
					};
					1B98D7FC1C440AC300B6AA88 = {
						CreatedOnToolsVersion = 7.2;
						LastSwiftMigration = 0800;
						TestTargetID = 1B98D7DD1C440AC200B6AA88;
					};
				};
			};
			buildConfigurationList = 1B98D7D91C440AC200B6AA88 /* Build configuration list for PBXProject "ios-binners-project" */;
			compatibilityVersion = "Xcode 3.2";
			developmentRegion = English;
			hasScannedForEncodings = 0;
			knownRegions = (
				en,
				Base,
			);
			mainGroup = 1B98D7D51C440AC200B6AA88;
			productRefGroup = 1B98D7DF1C440AC200B6AA88 /* Products */;
			projectDirPath = "";
			projectRoot = "";
			targets = (
				1B98D7DD1C440AC200B6AA88 /* ios-binners-project */,
				1B98D7F11C440AC300B6AA88 /* ios-binners-projectTests */,
				1B98D7FC1C440AC300B6AA88 /* ios-binners-projectUITests */,
			);
		};
/* End PBXProject section */

/* Begin PBXResourcesBuildPhase section */
		1B98D7DC1C440AC200B6AA88 /* Resources */ = {
			isa = PBXResourcesBuildPhase;
			buildActionMask = 2147483647;
			files = (
				2C921EF91CA0888B00B2FA46 /* BPIntructionsTableViewCell.xib in Resources */,
				2C29FC0C1C626D5800C70837 /* Oxygen.ttf in Resources */,
				2CBA2D2F1C8DFB050048C850 /* BPRecentAddressTableViewCell.xib in Resources */,
				1B98D7EC1C440AC200B6AA88 /* LaunchScreen.storyboard in Resources */,
				2C29FC091C626D5800C70837 /* Oxygen-Italic.ttf in Resources */,
				2C4FB04E1D6CC09000B01E8D /* BPExpandedPickupCollectionViewCell.xib in Resources */,
				2C29FC061C626D5800C70837 /* Oxygen-BoldItalic.ttf in Resources */,
				2C6CA0871D36DC040030B7EA /* BPPickupCollectionViewCell.xib in Resources */,
				2CBB5BF21C99F02C00D58BFF /* BPMapTableViewCell.xib in Resources */,
				2C1C4D0F1C5FDA280045821F /* GoogleService-Info.plist in Resources */,
				2C29FC031C626D5800C70837 /* Oxygen-Bold.ttf in Resources */,
				1B98D7E91C440AC200B6AA88 /* Assets.xcassets in Resources */,
				8C3CBFCE1C602D0D00691C67 /* TwitterKitResources.bundle in Resources */,
				2C921EF51CA07AD700B2FA46 /* BPQuantityTableViewCell.xib in Resources */,
				1B98D7E71C440AC200B6AA88 /* Main.storyboard in Resources */,
				2C921EF01CA06DFA00B2FA46 /* BPDateTableViewCell.xib in Resources */,
			);
			runOnlyForDeploymentPostprocessing = 0;
		};
		1B98D7F01C440AC300B6AA88 /* Resources */ = {
			isa = PBXResourcesBuildPhase;
			buildActionMask = 2147483647;
			files = (
				2C29FC071C626D5800C70837 /* Oxygen-BoldItalic.ttf in Resources */,
				2C1C4D101C5FDA280045821F /* GoogleService-Info.plist in Resources */,
				2C29FC0D1C626D5800C70837 /* Oxygen.ttf in Resources */,
				2C29FC0A1C626D5800C70837 /* Oxygen-Italic.ttf in Resources */,
				2C29FC041C626D5800C70837 /* Oxygen-Bold.ttf in Resources */,
			);
			runOnlyForDeploymentPostprocessing = 0;
		};
		1B98D7FB1C440AC300B6AA88 /* Resources */ = {
			isa = PBXResourcesBuildPhase;
			buildActionMask = 2147483647;
			files = (
				2C29FC081C626D5800C70837 /* Oxygen-BoldItalic.ttf in Resources */,
				2C1C4D111C5FDA280045821F /* GoogleService-Info.plist in Resources */,
				2C29FC0E1C626D5800C70837 /* Oxygen.ttf in Resources */,
				2C29FC0B1C626D5800C70837 /* Oxygen-Italic.ttf in Resources */,
				2C29FC051C626D5800C70837 /* Oxygen-Bold.ttf in Resources */,
			);
			runOnlyForDeploymentPostprocessing = 0;
		};
/* End PBXResourcesBuildPhase section */

/* Begin PBXShellScriptBuildPhase section */
		5CB520D8A68F5846167AC75D /* Embed Pods Frameworks */ = {
			isa = PBXShellScriptBuildPhase;
			buildActionMask = 2147483647;
			files = (
			);
			inputPaths = (
			);
			name = "Embed Pods Frameworks";
			outputPaths = (
			);
			runOnlyForDeploymentPostprocessing = 0;
			shellPath = /bin/sh;
			shellScript = "\"${SRCROOT}/Pods/Target Support Files/Pods-ios-binners-project/Pods-ios-binners-project-frameworks.sh\"\n";
			showEnvVarsInLog = 0;
		};
		8C3CBFCC1C602C8500691C67 /* ShellScript */ = {
			isa = PBXShellScriptBuildPhase;
			buildActionMask = 2147483647;
			files = (
			);
			inputPaths = (
			);
			outputPaths = (
			);
			runOnlyForDeploymentPostprocessing = 0;
			shellPath = /bin/sh;
			shellScript = "./Fabric.framework/run 04ee03acabd91fb17cbbd8ea2e26455081d99bfb 0030f9cc525a1f574f97a7b2b23f523df7b89e4007fc1abc0e5d06bc36abd240";
		};
		E5F21E19D5E18815DEA240F0 /* Check Pods Manifest.lock */ = {
			isa = PBXShellScriptBuildPhase;
			buildActionMask = 2147483647;
			files = (
			);
			inputPaths = (
			);
			name = "Check Pods Manifest.lock";
			outputPaths = (
			);
			runOnlyForDeploymentPostprocessing = 0;
			shellPath = /bin/sh;
			shellScript = "diff \"${PODS_ROOT}/../Podfile.lock\" \"${PODS_ROOT}/Manifest.lock\" > /dev/null\nif [[ $? != 0 ]] ; then\n    cat << EOM\nerror: The sandbox is not in sync with the Podfile.lock. Run 'pod install' or update your CocoaPods installation.\nEOM\n    exit 1\nfi\n";
			showEnvVarsInLog = 0;
		};
		F40C97D3C6D0F5A8CCBD6093 /* Copy Pods Resources */ = {
			isa = PBXShellScriptBuildPhase;
			buildActionMask = 2147483647;
			files = (
			);
			inputPaths = (
			);
			name = "Copy Pods Resources";
			outputPaths = (
			);
			runOnlyForDeploymentPostprocessing = 0;
			shellPath = /bin/sh;
			shellScript = "\"${SRCROOT}/Pods/Target Support Files/Pods-ios-binners-project/Pods-ios-binners-project-resources.sh\"\n";
			showEnvVarsInLog = 0;
		};
/* End PBXShellScriptBuildPhase section */

/* Begin PBXSourcesBuildPhase section */
		1B98D7DA1C440AC200B6AA88 /* Sources */ = {
			isa = PBXSourcesBuildPhase;
			buildActionMask = 2147483647;
			files = (
				2C83FDC81D3EF8D700DB1F86 /* BPPickupsViewModel.swift in Sources */,
				2C6CA08A1D3844460030B7EA /* BPSignInViewController.swift in Sources */,
				2CAA460E1DBBCA2A002B13B0 /* BPUserDefaults.swift in Sources */,
				2C0BC2D61CE3793900663F9E /* BPObjectWrapper.swift in Sources */,
				2C5CCB4B1C49524500E734CE /* BPMainTabBarController.swift in Sources */,
				2C73BFE01C971F77001FBFD4 /* BPAddress.swift in Sources */,
				2C2A44261DB406D300EDB0FC /* BPNavigationController.swift in Sources */,
				2CBB5BF11C99F02C00D58BFF /* BPMapTableViewCell.swift in Sources */,
				2C6CA08D1D384F810030B7EA /* BPSignInViewModel.swift in Sources */,
				2C921EF81CA0888B00B2FA46 /* BPIntructionsTableViewCell.swift in Sources */,
				2C73BFE61C98827F001FBFD4 /* BPMessageFactory.swift in Sources */,
				2C6CA07C1D359C8F0030B7EA /* BPBlurView.swift in Sources */,
				2C35ADD91C5BD8B7007DA4B6 /* BPErrorManager.swift in Sources */,
				2CD25F011C63E5AB00ACDEA5 /* BPPageFourContentDescriptionLoginViewController.swift in Sources */,
				2C64AA0D1D302FB800A29C1E /* BPLoginViewModel.swift in Sources */,
				2CDB35841C937203005945B7 /* BPCalendarViewController.swift in Sources */,
				2C73BFE81C98994B001FBFD4 /* BPQuantityViewController.swift in Sources */,
				2C1C4D071C5C1F530045821F /* BPURLBuilder.swift in Sources */,
				2C921EEF1CA06DFA00B2FA46 /* BPDateTableViewCell.swift in Sources */,
				2CBB5BED1C99E8E300D58BFF /* BPReviewPickupViewController.swift in Sources */,
				2C73BFE41C975B64001FBFD4 /* NSDate+Extension.swift in Sources */,
				2CDDE5B81CDBBA2800B8A533 /* BPOnGoingPickupCollectionViewCell.swift in Sources */,
				2C29FC101C62720900C70837 /* UIFont+Extension.swift in Sources */,
				2CF0F5C61CA9CE81005055C2 /* BPParser.swift in Sources */,
				2CFBF6C01CBC0C2300524F62 /* UIImage+Extension.swift in Sources */,
				1B98D7E41C440AC200B6AA88 /* BPLoginViewController.swift in Sources */,
				2CD25EFF1C63CFB600ACDEA5 /* BPPageThreeContentDescriptionLoginViewController.swift in Sources */,
				2C921EF41CA07AD700B2FA46 /* BPQuantityTableViewCell.swift in Sources */,
				2CDB35821C9371D7005945B7 /* MRMonthView.swift in Sources */,
				2C35ADD71C5BD50E007DA4B6 /* BPServerSettings.swift in Sources */,
				2CAC35961D7A104100D1F2BF /* BPRatePickupViewController.swift in Sources */,
				2C2A441F1DB069D300EDB0FC /* BPActionBar.swift in Sources */,
				2CDB35771C920505005945B7 /* BPMapTasks.swift in Sources */,
				2CDDE5B41CDBB8CC00B8A533 /* BPOnGoingPickupsCollectionViewController.swift in Sources */,
				2C8A4A711C88C56E00D8E0DB /* BPMapViewController.swift in Sources */,
				2C38B6B11D108D4400EB37DE /* BPEncoder.swift in Sources */,
				2C73BFE21C97204B001FBFD4 /* BPReedemable.swift in Sources */,
				2CDB35801C9371D7005945B7 /* MRMonthCalendarDelegate.swift in Sources */,
				2C29FBFA1C610D1700C70837 /* BPPageContainerLoginDescriptionViewController.swift in Sources */,
				2C022F911C877F49003E497F /* KSMHand.m in Sources */,
				2C4FB04D1D6CC09000B01E8D /* BPExpandedPickupCollectionViewCell.swift in Sources */,
				2C29FBFD1C62663F00C70837 /* UIColor+Extension.swift in Sources */,
				2CF92CFE1C8615FD00DDB676 /* BPClockViewController.swift in Sources */,
				2C73BFDE1C971E33001FBFD4 /* BPPickup.swift in Sources */,
				2C022F921C877F49003E497F /* BEMAnalogClockView.m in Sources */,
				1B98D7E21C440AC200B6AA88 /* AppDelegate.swift in Sources */,
				2CDB357F1C9371D7005945B7 /* MRDayOfTheMonthButton.swift in Sources */,
				2C565B661DAF03020079DDD8 /* BPPickupStatus.swift in Sources */,
				2C2A442E1DB42F8200EDB0FC /* PresentationStyle.swift in Sources */,
				2C38B6AF1D0F211F00EB37DE /* BPRating.swift in Sources */,
				2C35ADD51C5BD39E007DA4B6 /* BPServerRequestManager.swift in Sources */,
				2CBDC96E1C7777FA00EC0F99 /* BPUser.swift in Sources */,
				2CF0F5BF1CA1F44F005055C2 /* BPAdditionalNotesController.swift in Sources */,
				2CBA2D2E1C8DFB050048C850 /* BPRecentAddressTableViewCell.swift in Sources */,
				2C6CA07F1D36D59B0030B7EA /* BPHistoryViewControllerCollectionViewController.swift in Sources */,
				2C1C4D051C5C1D370045821F /* BPLoginManager.swift in Sources */,
				2CD25EFD1C62915D00ACDEA5 /* BPPageTwoContentDescriptionLoginViewController.swift in Sources */,
			);
			runOnlyForDeploymentPostprocessing = 0;
		};
		1B98D7EE1C440AC300B6AA88 /* Sources */ = {
			isa = PBXSourcesBuildPhase;
			buildActionMask = 2147483647;
			files = (
				2C29FC111C62720900C70837 /* UIFont+Extension.swift in Sources */,
				1B98D7F71C440AC300B6AA88 /* ios_binners_projectTests.swift in Sources */,
			);
			runOnlyForDeploymentPostprocessing = 0;
		};
		1B98D7F91C440AC300B6AA88 /* Sources */ = {
			isa = PBXSourcesBuildPhase;
			buildActionMask = 2147483647;
			files = (
				2C29FC121C62720900C70837 /* UIFont+Extension.swift in Sources */,
				1B98D8021C440AC300B6AA88 /* ios_binners_projectUITests.swift in Sources */,
			);
			runOnlyForDeploymentPostprocessing = 0;
		};
/* End PBXSourcesBuildPhase section */

/* Begin PBXTargetDependency section */
		1B98D7F41C440AC300B6AA88 /* PBXTargetDependency */ = {
			isa = PBXTargetDependency;
			target = 1B98D7DD1C440AC200B6AA88 /* ios-binners-project */;
			targetProxy = 1B98D7F31C440AC300B6AA88 /* PBXContainerItemProxy */;
		};
		1B98D7FF1C440AC300B6AA88 /* PBXTargetDependency */ = {
			isa = PBXTargetDependency;
			target = 1B98D7DD1C440AC200B6AA88 /* ios-binners-project */;
			targetProxy = 1B98D7FE1C440AC300B6AA88 /* PBXContainerItemProxy */;
		};
/* End PBXTargetDependency section */

/* Begin PBXVariantGroup section */
		1B98D7E51C440AC200B6AA88 /* Main.storyboard */ = {
			isa = PBXVariantGroup;
			children = (
				1B98D7E61C440AC200B6AA88 /* Base */,
			);
			name = Main.storyboard;
			sourceTree = "<group>";
		};
		1B98D7EA1C440AC200B6AA88 /* LaunchScreen.storyboard */ = {
			isa = PBXVariantGroup;
			children = (
				1B98D7EB1C440AC200B6AA88 /* Base */,
			);
			name = LaunchScreen.storyboard;
			sourceTree = "<group>";
		};
/* End PBXVariantGroup section */

/* Begin XCBuildConfiguration section */
		1B98D8041C440AC300B6AA88 /* Debug */ = {
			isa = XCBuildConfiguration;
			buildSettings = {
				ALWAYS_SEARCH_USER_PATHS = NO;
				CLANG_CXX_LANGUAGE_STANDARD = "gnu++0x";
				CLANG_CXX_LIBRARY = "libc++";
				CLANG_ENABLE_MODULES = YES;
				CLANG_ENABLE_OBJC_ARC = YES;
				CLANG_WARN_BOOL_CONVERSION = YES;
				CLANG_WARN_CONSTANT_CONVERSION = YES;
				CLANG_WARN_DIRECT_OBJC_ISA_USAGE = YES_ERROR;
				CLANG_WARN_EMPTY_BODY = YES;
				CLANG_WARN_ENUM_CONVERSION = YES;
				CLANG_WARN_INFINITE_RECURSION = YES;
				CLANG_WARN_INT_CONVERSION = YES;
				CLANG_WARN_OBJC_ROOT_CLASS = YES_ERROR;
				CLANG_WARN_SUSPICIOUS_MOVE = YES;
				CLANG_WARN_UNREACHABLE_CODE = YES;
				CLANG_WARN__DUPLICATE_METHOD_MATCH = YES;
				"CODE_SIGN_IDENTITY[sdk=iphoneos*]" = "iPhone Developer";
				COPY_PHASE_STRIP = NO;
				DEBUG_INFORMATION_FORMAT = dwarf;
				ENABLE_STRICT_OBJC_MSGSEND = YES;
				ENABLE_TESTABILITY = YES;
				GCC_C_LANGUAGE_STANDARD = gnu99;
				GCC_DYNAMIC_NO_PIC = NO;
				GCC_NO_COMMON_BLOCKS = YES;
				GCC_OPTIMIZATION_LEVEL = 0;
				GCC_PREPROCESSOR_DEFINITIONS = (
					"DEBUG=1",
					"$(inherited)",
				);
				GCC_WARN_64_TO_32_BIT_CONVERSION = YES;
				GCC_WARN_ABOUT_RETURN_TYPE = YES_ERROR;
				GCC_WARN_UNDECLARED_SELECTOR = YES;
				GCC_WARN_UNINITIALIZED_AUTOS = YES_AGGRESSIVE;
				GCC_WARN_UNUSED_FUNCTION = YES;
				GCC_WARN_UNUSED_VARIABLE = YES;
				IPHONEOS_DEPLOYMENT_TARGET = 8.0;
				MTL_ENABLE_DEBUG_INFO = YES;
				ONLY_ACTIVE_ARCH = YES;
				SDKROOT = iphoneos;
				SWIFT_OPTIMIZATION_LEVEL = "-Onone";
			};
			name = Debug;
		};
		1B98D8051C440AC300B6AA88 /* Release */ = {
			isa = XCBuildConfiguration;
			buildSettings = {
				ALWAYS_SEARCH_USER_PATHS = NO;
				CLANG_CXX_LANGUAGE_STANDARD = "gnu++0x";
				CLANG_CXX_LIBRARY = "libc++";
				CLANG_ENABLE_MODULES = YES;
				CLANG_ENABLE_OBJC_ARC = YES;
				CLANG_WARN_BOOL_CONVERSION = YES;
				CLANG_WARN_CONSTANT_CONVERSION = YES;
				CLANG_WARN_DIRECT_OBJC_ISA_USAGE = YES_ERROR;
				CLANG_WARN_EMPTY_BODY = YES;
				CLANG_WARN_ENUM_CONVERSION = YES;
				CLANG_WARN_INFINITE_RECURSION = YES;
				CLANG_WARN_INT_CONVERSION = YES;
				CLANG_WARN_OBJC_ROOT_CLASS = YES_ERROR;
				CLANG_WARN_SUSPICIOUS_MOVE = YES;
				CLANG_WARN_UNREACHABLE_CODE = YES;
				CLANG_WARN__DUPLICATE_METHOD_MATCH = YES;
				"CODE_SIGN_IDENTITY[sdk=iphoneos*]" = "iPhone Developer";
				COPY_PHASE_STRIP = NO;
				DEBUG_INFORMATION_FORMAT = "dwarf-with-dsym";
				ENABLE_NS_ASSERTIONS = NO;
				ENABLE_STRICT_OBJC_MSGSEND = YES;
				GCC_C_LANGUAGE_STANDARD = gnu99;
				GCC_NO_COMMON_BLOCKS = YES;
				GCC_WARN_64_TO_32_BIT_CONVERSION = YES;
				GCC_WARN_ABOUT_RETURN_TYPE = YES_ERROR;
				GCC_WARN_UNDECLARED_SELECTOR = YES;
				GCC_WARN_UNINITIALIZED_AUTOS = YES_AGGRESSIVE;
				GCC_WARN_UNUSED_FUNCTION = YES;
				GCC_WARN_UNUSED_VARIABLE = YES;
				IPHONEOS_DEPLOYMENT_TARGET = 8.0;
				MTL_ENABLE_DEBUG_INFO = NO;
				SDKROOT = iphoneos;
				SWIFT_OPTIMIZATION_LEVEL = "-Owholemodule";
				VALIDATE_PRODUCT = YES;
			};
			name = Release;
		};
		1B98D8071C440AC300B6AA88 /* Debug */ = {
			isa = XCBuildConfiguration;
			baseConfigurationReference = 18919B0009DEF6F8B625DD73 /* Pods-ios-binners-project.debug.xcconfig */;
			buildSettings = {
				ASSETCATALOG_COMPILER_APPICON_NAME = AppIcon;
				CODE_SIGN_ENTITLEMENTS = "ios-binners-project/ios-binners-project.entitlements";
				DEVELOPMENT_TEAM = P9BMV4WXD2;
				ENABLE_BITCODE = NO;
				INFOPLIST_FILE = "ios-binners-project/Info.plist";
				IPHONEOS_DEPLOYMENT_TARGET = 8.0;
				LD_RUNPATH_SEARCH_PATHS = "$(inherited) @executable_path/Frameworks";
				LIBRARY_SEARCH_PATHS = (
					"$(inherited)",
					"$(PROJECT_DIR)/build/Debug-iphoneos",
				);
				PRODUCT_BUNDLE_IDENTIFIER = "com.vanhack.ios-binners-project";
				PRODUCT_NAME = "$(TARGET_NAME)";
				SWIFT_OBJC_BRIDGING_HEADER = "ios-binners-project/Bridging-Header.h";
				SWIFT_VERSION = 3.0;
			};
			name = Debug;
		};
		1B98D8081C440AC300B6AA88 /* Release */ = {
			isa = XCBuildConfiguration;
			baseConfigurationReference = E2FEAFF8576C3B37F8B9E646 /* Pods-ios-binners-project.release.xcconfig */;
			buildSettings = {
				ASSETCATALOG_COMPILER_APPICON_NAME = AppIcon;
				CODE_SIGN_ENTITLEMENTS = "ios-binners-project/ios-binners-project.entitlements";
				DEVELOPMENT_TEAM = P9BMV4WXD2;
				ENABLE_BITCODE = NO;
				INFOPLIST_FILE = "ios-binners-project/Info.plist";
				IPHONEOS_DEPLOYMENT_TARGET = 8.0;
				LD_RUNPATH_SEARCH_PATHS = "$(inherited) @executable_path/Frameworks";
				LIBRARY_SEARCH_PATHS = (
					"$(inherited)",
					"$(PROJECT_DIR)/build/Debug-iphoneos",
				);
				PRODUCT_BUNDLE_IDENTIFIER = "com.vanhack.ios-binners-project";
				PRODUCT_NAME = "$(TARGET_NAME)";
				SWIFT_OBJC_BRIDGING_HEADER = "ios-binners-project/Bridging-Header.h";
				SWIFT_VERSION = 3.0;
			};
			name = Release;
		};
		1B98D80A1C440AC300B6AA88 /* Debug */ = {
			isa = XCBuildConfiguration;
			buildSettings = {
				BUNDLE_LOADER = "$(TEST_HOST)";
				INFOPLIST_FILE = "ios-binners-projectTests/Info.plist";
				LD_RUNPATH_SEARCH_PATHS = "$(inherited) @executable_path/Frameworks @loader_path/Frameworks";
				PRODUCT_BUNDLE_IDENTIFIER = "com.vanhack.ios-binners-projectTests";
				PRODUCT_NAME = "$(TARGET_NAME)";
				SWIFT_VERSION = 3.0;
				TEST_HOST = "$(BUILT_PRODUCTS_DIR)/ios-binners-project.app/ios-binners-project";
			};
			name = Debug;
		};
		1B98D80B1C440AC300B6AA88 /* Release */ = {
			isa = XCBuildConfiguration;
			buildSettings = {
				BUNDLE_LOADER = "$(TEST_HOST)";
				INFOPLIST_FILE = "ios-binners-projectTests/Info.plist";
				LD_RUNPATH_SEARCH_PATHS = "$(inherited) @executable_path/Frameworks @loader_path/Frameworks";
				PRODUCT_BUNDLE_IDENTIFIER = "com.vanhack.ios-binners-projectTests";
				PRODUCT_NAME = "$(TARGET_NAME)";
				SWIFT_VERSION = 3.0;
				TEST_HOST = "$(BUILT_PRODUCTS_DIR)/ios-binners-project.app/ios-binners-project";
			};
			name = Release;
		};
		1B98D80D1C440AC300B6AA88 /* Debug */ = {
			isa = XCBuildConfiguration;
			buildSettings = {
				INFOPLIST_FILE = "ios-binners-projectUITests/Info.plist";
				LD_RUNPATH_SEARCH_PATHS = "$(inherited) @executable_path/Frameworks @loader_path/Frameworks";
				PRODUCT_BUNDLE_IDENTIFIER = "com.vanhack.ios-binners-projectUITests";
				PRODUCT_NAME = "$(TARGET_NAME)";
				SWIFT_VERSION = 3.0;
				TEST_TARGET_NAME = "ios-binners-project";
				USES_XCTRUNNER = YES;
			};
			name = Debug;
		};
		1B98D80E1C440AC300B6AA88 /* Release */ = {
			isa = XCBuildConfiguration;
			buildSettings = {
				INFOPLIST_FILE = "ios-binners-projectUITests/Info.plist";
				LD_RUNPATH_SEARCH_PATHS = "$(inherited) @executable_path/Frameworks @loader_path/Frameworks";
				PRODUCT_BUNDLE_IDENTIFIER = "com.vanhack.ios-binners-projectUITests";
				PRODUCT_NAME = "$(TARGET_NAME)";
				SWIFT_VERSION = 3.0;
				TEST_TARGET_NAME = "ios-binners-project";
				USES_XCTRUNNER = YES;
			};
			name = Release;
		};
/* End XCBuildConfiguration section */

/* Begin XCConfigurationList section */
		1B98D7D91C440AC200B6AA88 /* Build configuration list for PBXProject "ios-binners-project" */ = {
			isa = XCConfigurationList;
			buildConfigurations = (
				1B98D8041C440AC300B6AA88 /* Debug */,
				1B98D8051C440AC300B6AA88 /* Release */,
			);
			defaultConfigurationIsVisible = 0;
			defaultConfigurationName = Release;
		};
		1B98D8061C440AC300B6AA88 /* Build configuration list for PBXNativeTarget "ios-binners-project" */ = {
			isa = XCConfigurationList;
			buildConfigurations = (
				1B98D8071C440AC300B6AA88 /* Debug */,
				1B98D8081C440AC300B6AA88 /* Release */,
			);
			defaultConfigurationIsVisible = 0;
			defaultConfigurationName = Release;
		};
		1B98D8091C440AC300B6AA88 /* Build configuration list for PBXNativeTarget "ios-binners-projectTests" */ = {
			isa = XCConfigurationList;
			buildConfigurations = (
				1B98D80A1C440AC300B6AA88 /* Debug */,
				1B98D80B1C440AC300B6AA88 /* Release */,
			);
			defaultConfigurationIsVisible = 0;
			defaultConfigurationName = Release;
		};
		1B98D80C1C440AC300B6AA88 /* Build configuration list for PBXNativeTarget "ios-binners-projectUITests" */ = {
			isa = XCConfigurationList;
			buildConfigurations = (
				1B98D80D1C440AC300B6AA88 /* Debug */,
				1B98D80E1C440AC300B6AA88 /* Release */,
			);
			defaultConfigurationIsVisible = 0;
			defaultConfigurationName = Release;
		};
/* End XCConfigurationList section */
	};
	rootObject = 1B98D7D61C440AC200B6AA88 /* Project object */;
}
